// !$*UTF8*$!
{
	archiveVersion = 1;
	classes = {
	};
	objectVersion = 55;
	objects = {

/* Begin PBXBuildFile section */
		882A58A127EF48B3003E6B7F /* AppDelegate.swift in Sources */ = {isa = PBXBuildFile; fileRef = 882A58A027EF48B3003E6B7F /* AppDelegate.swift */; };
		882A58A327EF48B3003E6B7F /* SceneDelegate.swift in Sources */ = {isa = PBXBuildFile; fileRef = 882A58A227EF48B3003E6B7F /* SceneDelegate.swift */; };
		882A58A527EF48B3003E6B7F /* HomeViewController.swift in Sources */ = {isa = PBXBuildFile; fileRef = 882A58A427EF48B3003E6B7F /* HomeViewController.swift */; };
		882A58AB27EF48B3003E6B7F /* ToDoListViewCode.xcdatamodeld in Sources */ = {isa = PBXBuildFile; fileRef = 882A58A927EF48B3003E6B7F /* ToDoListViewCode.xcdatamodeld */; };
		882A58AD27EF48B5003E6B7F /* Assets.xcassets in Resources */ = {isa = PBXBuildFile; fileRef = 882A58AC27EF48B5003E6B7F /* Assets.xcassets */; };
		882A58B027EF48B5003E6B7F /* LaunchScreen.storyboard in Resources */ = {isa = PBXBuildFile; fileRef = 882A58AE27EF48B5003E6B7F /* LaunchScreen.storyboard */; };
		882A58BC27EF4A8B003E6B7F /* NewTaskViewController.swift in Sources */ = {isa = PBXBuildFile; fileRef = 882A58BB27EF4A8B003E6B7F /* NewTaskViewController.swift */; };
		882A58C027EF4BB4003E6B7F /* Tarefa.swift in Sources */ = {isa = PBXBuildFile; fileRef = 882A58BF27EF4BB4003E6B7F /* Tarefa.swift */; };
		882A58C227EF4C01003E6B7F /* Service.swift in Sources */ = {isa = PBXBuildFile; fileRef = 882A58C127EF4C01003E6B7F /* Service.swift */; };
/* End PBXBuildFile section */

/* Begin PBXFileReference section */
		882A589D27EF48B3003E6B7F /* ToDoListViewCode.app */ = {isa = PBXFileReference; explicitFileType = wrapper.application; includeInIndex = 0; path = ToDoListViewCode.app; sourceTree = BUILT_PRODUCTS_DIR; };
		882A58A027EF48B3003E6B7F /* AppDelegate.swift */ = {isa = PBXFileReference; lastKnownFileType = sourcecode.swift; path = AppDelegate.swift; sourceTree = "<group>"; };
		882A58A227EF48B3003E6B7F /* SceneDelegate.swift */ = {isa = PBXFileReference; lastKnownFileType = sourcecode.swift; path = SceneDelegate.swift; sourceTree = "<group>"; };
		882A58A427EF48B3003E6B7F /* HomeViewController.swift */ = {isa = PBXFileReference; lastKnownFileType = sourcecode.swift; path = HomeViewController.swift; sourceTree = "<group>"; };
		882A58AA27EF48B3003E6B7F /* ToDoListViewCode.xcdatamodel */ = {isa = PBXFileReference; lastKnownFileType = wrapper.xcdatamodel; path = ToDoListViewCode.xcdatamodel; sourceTree = "<group>"; };
		882A58AC27EF48B5003E6B7F /* Assets.xcassets */ = {isa = PBXFileReference; lastKnownFileType = folder.assetcatalog; path = Assets.xcassets; sourceTree = "<group>"; };
		882A58AF27EF48B5003E6B7F /* Base */ = {isa = PBXFileReference; lastKnownFileType = file.storyboard; name = Base; path = Base.lproj/LaunchScreen.storyboard; sourceTree = "<group>"; };
		882A58B127EF48B5003E6B7F /* Info.plist */ = {isa = PBXFileReference; lastKnownFileType = text.plist.xml; path = Info.plist; sourceTree = "<group>"; };
		882A58BB27EF4A8B003E6B7F /* NewTaskViewController.swift */ = {isa = PBXFileReference; lastKnownFileType = sourcecode.swift; path = NewTaskViewController.swift; sourceTree = "<group>"; };
		882A58BF27EF4BB4003E6B7F /* Tarefa.swift */ = {isa = PBXFileReference; lastKnownFileType = sourcecode.swift; path = Tarefa.swift; sourceTree = "<group>"; };
		882A58C127EF4C01003E6B7F /* Service.swift */ = {isa = PBXFileReference; lastKnownFileType = sourcecode.swift; path = Service.swift; sourceTree = "<group>"; };
/* End PBXFileReference section */

/* Begin PBXFrameworksBuildPhase section */
		882A589A27EF48B3003E6B7F /* Frameworks */ = {
			isa = PBXFrameworksBuildPhase;
			buildActionMask = 2147483647;
			files = (
			);
			runOnlyForDeploymentPostprocessing = 0;
		};
/* End PBXFrameworksBuildPhase section */

/* Begin PBXGroup section */
		882A589427EF48B3003E6B7F = {
			isa = PBXGroup;
			children = (
				882A589F27EF48B3003E6B7F /* ToDoListViewCode */,
				882A589E27EF48B3003E6B7F /* Products */,
			);
			sourceTree = "<group>";
		};
		882A589E27EF48B3003E6B7F /* Products */ = {
			isa = PBXGroup;
			children = (
				882A589D27EF48B3003E6B7F /* ToDoListViewCode.app */,
			);
			name = Products;
			sourceTree = "<group>";
		};
		882A589F27EF48B3003E6B7F /* ToDoListViewCode */ = {
			isa = PBXGroup;
			children = (
				882A58BE27EF4B99003E6B7F /* Model */,
				882A58BD27EF4B86003E6B7F /* Service */,
				882A58B727EF48BC003E6B7F /* Scenes */,
				882A58A027EF48B3003E6B7F /* AppDelegate.swift */,
				882A58A227EF48B3003E6B7F /* SceneDelegate.swift */,
				882A58AC27EF48B5003E6B7F /* Assets.xcassets */,
				882A58AE27EF48B5003E6B7F /* LaunchScreen.storyboard */,
				882A58B127EF48B5003E6B7F /* Info.plist */,
				882A58A927EF48B3003E6B7F /* ToDoListViewCode.xcdatamodeld */,
			);
			path = ToDoListViewCode;
			sourceTree = "<group>";
		};
		882A58B727EF48BC003E6B7F /* Scenes */ = {
			isa = PBXGroup;
			children = (
				882A58BA27EF4A43003E6B7F /* NewTask */,
				882A58B827EF4A18003E6B7F /* Home */,
			);
			path = Scenes;
			sourceTree = "<group>";
		};
		882A58B827EF4A18003E6B7F /* Home */ = {
			isa = PBXGroup;
			children = (
				882A58B927EF4A35003E6B7F /* Cell */,
				882A58A427EF48B3003E6B7F /* HomeViewController.swift */,
			);
			path = Home;
			sourceTree = "<group>";
		};
		882A58B927EF4A35003E6B7F /* Cell */ = {
			isa = PBXGroup;
			children = (
			);
			path = Cell;
			sourceTree = "<group>";
		};
		882A58BA27EF4A43003E6B7F /* NewTask */ = {
			isa = PBXGroup;
			children = (
				882A58BB27EF4A8B003E6B7F /* NewTaskViewController.swift */,
			);
			path = NewTask;
			sourceTree = "<group>";
		};
		882A58BD27EF4B86003E6B7F /* Service */ = {
			isa = PBXGroup;
			children = (
				882A58C127EF4C01003E6B7F /* Service.swift */,
			);
			path = Service;
			sourceTree = "<group>";
		};
		882A58BE27EF4B99003E6B7F /* Model */ = {
			isa = PBXGroup;
			children = (
				882A58BF27EF4BB4003E6B7F /* Tarefa.swift */,
			);
			path = Model;
			sourceTree = "<group>";
		};
/* End PBXGroup section */

/* Begin PBXNativeTarget section */
		882A589C27EF48B3003E6B7F /* ToDoListViewCode */ = {
			isa = PBXNativeTarget;
			buildConfigurationList = 882A58B427EF48B5003E6B7F /* Build configuration list for PBXNativeTarget "ToDoListViewCode" */;
			buildPhases = (
				882A589927EF48B3003E6B7F /* Sources */,
				882A589A27EF48B3003E6B7F /* Frameworks */,
				882A589B27EF48B3003E6B7F /* Resources */,
			);
			buildRules = (
			);
			dependencies = (
			);
			name = ToDoListViewCode;
			productName = ToDoListViewCode;
			productReference = 882A589D27EF48B3003E6B7F /* ToDoListViewCode.app */;
			productType = "com.apple.product-type.application";
		};
/* End PBXNativeTarget section */

/* Begin PBXProject section */
		882A589527EF48B3003E6B7F /* Project object */ = {
			isa = PBXProject;
			attributes = {
				BuildIndependentTargetsInParallel = 1;
				LastSwiftUpdateCheck = 1320;
				LastUpgradeCheck = 1320;
				TargetAttributes = {
					882A589C27EF48B3003E6B7F = {
						CreatedOnToolsVersion = 13.2.1;
					};
				};
			};
			buildConfigurationList = 882A589827EF48B3003E6B7F /* Build configuration list for PBXProject "ToDoListViewCode" */;
			compatibilityVersion = "Xcode 13.0";
			developmentRegion = en;
			hasScannedForEncodings = 0;
			knownRegions = (
				en,
				Base,
			);
			mainGroup = 882A589427EF48B3003E6B7F;
			productRefGroup = 882A589E27EF48B3003E6B7F /* Products */;
			projectDirPath = "";
			projectRoot = "";
			targets = (
				882A589C27EF48B3003E6B7F /* ToDoListViewCode */,
			);
		};
/* End PBXProject section */

/* Begin PBXResourcesBuildPhase section */
		882A589B27EF48B3003E6B7F /* Resources */ = {
			isa = PBXResourcesBuildPhase;
			buildActionMask = 2147483647;
			files = (
				882A58B027EF48B5003E6B7F /* LaunchScreen.storyboard in Resources */,
				882A58AD27EF48B5003E6B7F /* Assets.xcassets in Resources */,
			);
			runOnlyForDeploymentPostprocessing = 0;
		};
/* End PBXResourcesBuildPhase section */

/* Begin PBXSourcesBuildPhase section */
		882A589927EF48B3003E6B7F /* Sources */ = {
			isa = PBXSourcesBuildPhase;
			buildActionMask = 2147483647;
			files = (
				882A58A527EF48B3003E6B7F /* HomeViewController.swift in Sources */,
				882A58C227EF4C01003E6B7F /* Service.swift in Sources */,
				882A58BC27EF4A8B003E6B7F /* NewTaskViewController.swift in Sources */,
				882A58AB27EF48B3003E6B7F /* ToDoListViewCode.xcdatamodeld in Sources */,
				882A58A127EF48B3003E6B7F /* AppDelegate.swift in Sources */,
				882A58C027EF4BB4003E6B7F /* Tarefa.swift in Sources */,
				882A58A327EF48B3003E6B7F /* SceneDelegate.swift in Sources */,
			);
			runOnlyForDeploymentPostprocessing = 0;
		};
/* End PBXSourcesBuildPhase section */

/* Begin PBXVariantGroup section */
		882A58AE27EF48B5003E6B7F /* LaunchScreen.storyboard */ = {
			isa = PBXVariantGroup;
			children = (
				882A58AF27EF48B5003E6B7F /* Base */,
			);
			name = LaunchScreen.storyboard;
			sourceTree = "<group>";
		};
/* End PBXVariantGroup section */

/* Begin XCBuildConfiguration section */
		882A58B227EF48B5003E6B7F /* Debug */ = {
			isa = XCBuildConfiguration;
			buildSettings = {
				ALWAYS_SEARCH_USER_PATHS = NO;
				CLANG_ANALYZER_NONNULL = YES;
				CLANG_ANALYZER_NUMBER_OBJECT_CONVERSION = YES_AGGRESSIVE;
				CLANG_CXX_LANGUAGE_STANDARD = "gnu++17";
				CLANG_CXX_LIBRARY = "libc++";
				CLANG_ENABLE_MODULES = YES;
				CLANG_ENABLE_OBJC_ARC = YES;
				CLANG_ENABLE_OBJC_WEAK = YES;
				CLANG_WARN_BLOCK_CAPTURE_AUTORELEASING = YES;
				CLANG_WARN_BOOL_CONVERSION = YES;
				CLANG_WARN_COMMA = YES;
				CLANG_WARN_CONSTANT_CONVERSION = YES;
				CLANG_WARN_DEPRECATED_OBJC_IMPLEMENTATIONS = YES;
				CLANG_WARN_DIRECT_OBJC_ISA_USAGE = YES_ERROR;
				CLANG_WARN_DOCUMENTATION_COMMENTS = YES;
				CLANG_WARN_EMPTY_BODY = YES;
				CLANG_WARN_ENUM_CONVERSION = YES;
				CLANG_WARN_INFINITE_RECURSION = YES;
				CLANG_WARN_INT_CONVERSION = YES;
				CLANG_WARN_NON_LITERAL_NULL_CONVERSION = YES;
				CLANG_WARN_OBJC_IMPLICIT_RETAIN_SELF = YES;
				CLANG_WARN_OBJC_LITERAL_CONVERSION = YES;
				CLANG_WARN_OBJC_ROOT_CLASS = YES_ERROR;
				CLANG_WARN_QUOTED_INCLUDE_IN_FRAMEWORK_HEADER = YES;
				CLANG_WARN_RANGE_LOOP_ANALYSIS = YES;
				CLANG_WARN_STRICT_PROTOTYPES = YES;
				CLANG_WARN_SUSPICIOUS_MOVE = YES;
				CLANG_WARN_UNGUARDED_AVAILABILITY = YES_AGGRESSIVE;
				CLANG_WARN_UNREACHABLE_CODE = YES;
				CLANG_WARN__DUPLICATE_METHOD_MATCH = YES;
				COPY_PHASE_STRIP = NO;
				DEBUG_INFORMATION_FORMAT = dwarf;
				ENABLE_STRICT_OBJC_MSGSEND = YES;
				ENABLE_TESTABILITY = YES;
				GCC_C_LANGUAGE_STANDARD = gnu11;
				GCC_DYNAMIC_NO_PIC = NO;
				GCC_NO_COMMON_BLOCKS = YES;
				GCC_OPTIMIZATION_LEVEL = 0;
				GCC_PREPROCESSOR_DEFINITIONS = (
					"DEBUG=1",
					"$(inherited)",
				);
				GCC_WARN_64_TO_32_BIT_CONVERSION = YES;
				GCC_WARN_ABOUT_RETURN_TYPE = YES_ERROR;
				GCC_WARN_UNDECLARED_SELECTOR = YES;
				GCC_WARN_UNINITIALIZED_AUTOS = YES_AGGRESSIVE;
				GCC_WARN_UNUSED_FUNCTION = YES;
				GCC_WARN_UNUSED_VARIABLE = YES;
				IPHONEOS_DEPLOYMENT_TARGET = 15.2;
				MTL_ENABLE_DEBUG_INFO = INCLUDE_SOURCE;
				MTL_FAST_MATH = YES;
				ONLY_ACTIVE_ARCH = YES;
				SDKROOT = iphoneos;
				SWIFT_ACTIVE_COMPILATION_CONDITIONS = DEBUG;
				SWIFT_OPTIMIZATION_LEVEL = "-Onone";
			};
			name = Debug;
		};
		882A58B327EF48B5003E6B7F /* Release */ = {
			isa = XCBuildConfiguration;
			buildSettings = {
				ALWAYS_SEARCH_USER_PATHS = NO;
				CLANG_ANALYZER_NONNULL = YES;
				CLANG_ANALYZER_NUMBER_OBJECT_CONVERSION = YES_AGGRESSIVE;
				CLANG_CXX_LANGUAGE_STANDARD = "gnu++17";
				CLANG_CXX_LIBRARY = "libc++";
				CLANG_ENABLE_MODULES = YES;
				CLANG_ENABLE_OBJC_ARC = YES;
				CLANG_ENABLE_OBJC_WEAK = YES;
				CLANG_WARN_BLOCK_CAPTURE_AUTORELEASING = YES;
				CLANG_WARN_BOOL_CONVERSION = YES;
				CLANG_WARN_COMMA = YES;
				CLANG_WARN_CONSTANT_CONVERSION = YES;
				CLANG_WARN_DEPRECATED_OBJC_IMPLEMENTATIONS = YES;
				CLANG_WARN_DIRECT_OBJC_ISA_USAGE = YES_ERROR;
				CLANG_WARN_DOCUMENTATION_COMMENTS = YES;
				CLANG_WARN_EMPTY_BODY = YES;
				CLANG_WARN_ENUM_CONVERSION = YES;
				CLANG_WARN_INFINITE_RECURSION = YES;
				CLANG_WARN_INT_CONVERSION = YES;
				CLANG_WARN_NON_LITERAL_NULL_CONVERSION = YES;
				CLANG_WARN_OBJC_IMPLICIT_RETAIN_SELF = YES;
				CLANG_WARN_OBJC_LITERAL_CONVERSION = YES;
				CLANG_WARN_OBJC_ROOT_CLASS = YES_ERROR;
				CLANG_WARN_QUOTED_INCLUDE_IN_FRAMEWORK_HEADER = YES;
				CLANG_WARN_RANGE_LOOP_ANALYSIS = YES;
				CLANG_WARN_STRICT_PROTOTYPES = YES;
				CLANG_WARN_SUSPICIOUS_MOVE = YES;
				CLANG_WARN_UNGUARDED_AVAILABILITY = YES_AGGRESSIVE;
				CLANG_WARN_UNREACHABLE_CODE = YES;
				CLANG_WARN__DUPLICATE_METHOD_MATCH = YES;
				COPY_PHASE_STRIP = NO;
				DEBUG_INFORMATION_FORMAT = "dwarf-with-dsym";
				ENABLE_NS_ASSERTIONS = NO;
				ENABLE_STRICT_OBJC_MSGSEND = YES;
				GCC_C_LANGUAGE_STANDARD = gnu11;
				GCC_NO_COMMON_BLOCKS = YES;
				GCC_WARN_64_TO_32_BIT_CONVERSION = YES;
				GCC_WARN_ABOUT_RETURN_TYPE = YES_ERROR;
				GCC_WARN_UNDECLARED_SELECTOR = YES;
				GCC_WARN_UNINITIALIZED_AUTOS = YES_AGGRESSIVE;
				GCC_WARN_UNUSED_FUNCTION = YES;
				GCC_WARN_UNUSED_VARIABLE = YES;
				IPHONEOS_DEPLOYMENT_TARGET = 15.2;
				MTL_ENABLE_DEBUG_INFO = NO;
				MTL_FAST_MATH = YES;
				SDKROOT = iphoneos;
				SWIFT_COMPILATION_MODE = wholemodule;
				SWIFT_OPTIMIZATION_LEVEL = "-O";
				VALIDATE_PRODUCT = YES;
			};
			name = Release;
		};
		882A58B527EF48B5003E6B7F /* Debug */ = {
			isa = XCBuildConfiguration;
			buildSettings = {
				ASSETCATALOG_COMPILER_APPICON_NAME = AppIcon;
				ASSETCATALOG_COMPILER_GLOBAL_ACCENT_COLOR_NAME = AccentColor;
				CODE_SIGN_STYLE = Automatic;
				CURRENT_PROJECT_VERSION = 1;
				DEVELOPMENT_TEAM = YXQS68D56Q;
				GENERATE_INFOPLIST_FILE = YES;
				INFOPLIST_FILE = ToDoListViewCode/Info.plist;
				INFOPLIST_KEY_UIApplicationSupportsIndirectInputEvents = YES;
				INFOPLIST_KEY_UILaunchStoryboardName = LaunchScreen;
				INFOPLIST_KEY_UISupportedInterfaceOrientations_iPad = "UIInterfaceOrientationPortrait UIInterfaceOrientationPortraitUpsideDown UIInterfaceOrientationLandscapeLeft UIInterfaceOrientationLandscapeRight";
				INFOPLIST_KEY_UISupportedInterfaceOrientations_iPhone = "UIInterfaceOrientationPortrait UIInterfaceOrientationLandscapeLeft UIInterfaceOrientationLandscapeRight";
				IPHONEOS_DEPLOYMENT_TARGET = 13.0;
				LD_RUNPATH_SEARCH_PATHS = (
					"$(inherited)",
					"@executable_path/Frameworks",
				);
				MARKETING_VERSION = 1.0;
				PRODUCT_BUNDLE_IDENTIFIER = br.com.renato.ToDoListViewCode;
				PRODUCT_NAME = "$(TARGET_NAME)";
				SWIFT_EMIT_LOC_STRINGS = YES;
				SWIFT_VERSION = 5.0;
				TARGETED_DEVICE_FAMILY = 1;
			};
			name = Debug;
		};
		882A58B627EF48B5003E6B7F /* Release */ = {
			isa = XCBuildConfiguration;
			buildSettings = {
				ASSETCATALOG_COMPILER_APPICON_NAME = AppIcon;
				ASSETCATALOG_COMPILER_GLOBAL_ACCENT_COLOR_NAME = AccentColor;
				CODE_SIGN_STYLE = Automatic;
				CURRENT_PROJECT_VERSION = 1;
				DEVELOPMENT_TEAM = YXQS68D56Q;
				GENERATE_INFOPLIST_FILE = YES;
				INFOPLIST_FILE = ToDoListViewCode/Info.plist;
				INFOPLIST_KEY_UIApplicationSupportsIndirectInputEvents = YES;
				INFOPLIST_KEY_UILaunchStoryboardName = LaunchScreen;
				INFOPLIST_KEY_UISupportedInterfaceOrientations_iPad = "UIInterfaceOrientationPortrait UIInterfaceOrientationPortraitUpsideDown UIInterfaceOrientationLandscapeLeft UIInterfaceOrientationLandscapeRight";
				INFOPLIST_KEY_UISupportedInterfaceOrientations_iPhone = "UIInterfaceOrientationPortrait UIInterfaceOrientationLandscapeLeft UIInterfaceOrientationLandscapeRight";
				IPHONEOS_DEPLOYMENT_TARGET = 13.0;
				LD_RUNPATH_SEARCH_PATHS = (
					"$(inherited)",
					"@executable_path/Frameworks",
				);
				MARKETING_VERSION = 1.0;
				PRODUCT_BUNDLE_IDENTIFIER = br.com.renato.ToDoListViewCode;
				PRODUCT_NAME = "$(TARGET_NAME)";
				SWIFT_EMIT_LOC_STRINGS = YES;
				SWIFT_VERSION = 5.0;
				TARGETED_DEVICE_FAMILY = 1;
			};
			name = Release;
		};
/* End XCBuildConfiguration section */

/* Begin XCConfigurationList section */
		882A589827EF48B3003E6B7F /* Build configuration list for PBXProject "ToDoListViewCode" */ = {
			isa = XCConfigurationList;
			buildConfigurations = (
				882A58B227EF48B5003E6B7F /* Debug */,
				882A58B327EF48B5003E6B7F /* Release */,
			);
			defaultConfigurationIsVisible = 0;
			defaultConfigurationName = Release;
		};
		882A58B427EF48B5003E6B7F /* Build configuration list for PBXNativeTarget "ToDoListViewCode" */ = {
			isa = XCConfigurationList;
			buildConfigurations = (
				882A58B527EF48B5003E6B7F /* Debug */,
				882A58B627EF48B5003E6B7F /* Release */,
			);
			defaultConfigurationIsVisible = 0;
			defaultConfigurationName = Release;
		};
/* End XCConfigurationList section */

/* Begin XCVersionGroup section */
		882A58A927EF48B3003E6B7F /* ToDoListViewCode.xcdatamodeld */ = {
			isa = XCVersionGroup;
			children = (
				882A58AA27EF48B3003E6B7F /* ToDoListViewCode.xcdatamodel */,
			);
			currentVersion = 882A58AA27EF48B3003E6B7F /* ToDoListViewCode.xcdatamodel */;
			path = ToDoListViewCode.xcdatamodeld;
			sourceTree = "<group>";
			versionGroupType = wrapper.xcdatamodel;
		};
/* End XCVersionGroup section */
	};
	rootObject = 882A589527EF48B3003E6B7F /* Project object */;
}
